
Microsoft Visual Studio Solution File, Format Version 12.00
# Visual Studio Version 16
VisualStudioVersion = 16.0.30406.217
MinimumVisualStudioVersion = 10.0.40219.1
Project("{9A19103F-16F7-4668-BE54-9A1E7A4F7556}") = "Project.API", "Project.API\Project.API.csproj", "{AC02D438-A437-4256-9129-C8DEA6802CD7}"
EndProject
Project("{2150E333-8FDC-42A3-9474-1A3956D46DE8}") = "API", "API", "{9BA41159-6638-49C2-A454-E9D123AEFAC8}"
EndProject
Project("{2150E333-8FDC-42A3-9474-1A3956D46DE8}") = "Infra", "Infra", "{62F3CA83-89B9-40A5-ABDD-8A1C3936635B}"
EndProject
Project("{2150E333-8FDC-42A3-9474-1A3956D46DE8}") = "Data", "Data", "{811973D7-CABE-4560-A00F-FCAD49A3F0EB}"
EndProject
Project("{9A19103F-16F7-4668-BE54-9A1E7A4F7556}") = "Project.Infra.Data", "Project.Infra.Data\Project.Infra.Data.csproj", "{0EEAB4E7-9053-40F8-89A3-458813C0B086}"
EndProject
Project("{2150E333-8FDC-42A3-9474-1A3956D46DE8}") = "Application", "Application", "{6D164D28-7783-4621-A762-F70F500AF45F}"
EndProject
Project("{9A19103F-16F7-4668-BE54-9A1E7A4F7556}") = "Project.Application", "Project.Application\Project.Application.csproj", "{FEAC3CCE-1900-4F24-8823-94778DDA781F}"
EndProject
Project("{2150E333-8FDC-42A3-9474-1A3956D46DE8}") = "Domain", "Domain", "{47BEE26E-4479-4961-BDEF-25E621E19D23}"
EndProject
Project("{9A19103F-16F7-4668-BE54-9A1E7A4F7556}") = "Project.Domain", "Project.Domain\Project.Domain.csproj", "{879E108F-B348-4B71-875C-B81067CA8CB3}"
EndProject
Project("{2150E333-8FDC-42A3-9474-1A3956D46DE8}") = "CrossCutting", "CrossCutting", "{DD88E989-04FC-4604-972B-74BFBDE99937}"
EndProject
Project("{9A19103F-16F7-4668-BE54-9A1E7A4F7556}") = "Project.Infra.CrossCutting.IoC", "Project.Infra.CrossCutting.IoC\Project.Infra.CrossCutting.IoC.csproj", "{CE9A5FEB-74E2-4CC2-B1D0-692BEDAA6C99}"
EndProject
Project("{2150E333-8FDC-42A3-9474-1A3956D46DE8}") = "Test", "Test", "{44C22102-EE10-47BD-81B4-CC778869EB93}"
EndProject
Project("{FAE04EC0-301F-11D3-BF4B-00C04F79EFBC}") = "Project.Test", "Project.Test\Project.Test.csproj", "{5F3D9F47-8548-4E9A-B477-63788EB3B21F}"
EndProject
Global
	GlobalSection(SolutionConfigurationPlatforms) = preSolution
		Debug|Any CPU = Debug|Any CPU
		Release|Any CPU = Release|Any CPU
	EndGlobalSection
	GlobalSection(ProjectConfigurationPlatforms) = postSolution
		{AC02D438-A437-4256-9129-C8DEA6802CD7}.Debug|Any CPU.ActiveCfg = Debug|Any CPU
		{AC02D438-A437-4256-9129-C8DEA6802CD7}.Debug|Any CPU.Build.0 = Debug|Any CPU
		{AC02D438-A437-4256-9129-C8DEA6802CD7}.Release|Any CPU.ActiveCfg = Release|Any CPU
		{AC02D438-A437-4256-9129-C8DEA6802CD7}.Release|Any CPU.Build.0 = Release|Any CPU
		{0EEAB4E7-9053-40F8-89A3-458813C0B086}.Debug|Any CPU.ActiveCfg = Debug|Any CPU
		{0EEAB4E7-9053-40F8-89A3-458813C0B086}.Debug|Any CPU.Build.0 = Debug|Any CPU
		{0EEAB4E7-9053-40F8-89A3-458813C0B086}.Release|Any CPU.ActiveCfg = Release|Any CPU
		{0EEAB4E7-9053-40F8-89A3-458813C0B086}.Release|Any CPU.Build.0 = Release|Any CPU
		{FEAC3CCE-1900-4F24-8823-94778DDA781F}.Debug|Any CPU.ActiveCfg = Debug|Any CPU
		{FEAC3CCE-1900-4F24-8823-94778DDA781F}.Debug|Any CPU.Build.0 = Debug|Any CPU
		{FEAC3CCE-1900-4F24-8823-94778DDA781F}.Release|Any CPU.ActiveCfg = Release|Any CPU
		{FEAC3CCE-1900-4F24-8823-94778DDA781F}.Release|Any CPU.Build.0 = Release|Any CPU
		{879E108F-B348-4B71-875C-B81067CA8CB3}.Debug|Any CPU.ActiveCfg = Debug|Any CPU
		{879E108F-B348-4B71-875C-B81067CA8CB3}.Debug|Any CPU.Build.0 = Debug|Any CPU
		{879E108F-B348-4B71-875C-B81067CA8CB3}.Release|Any CPU.ActiveCfg = Release|Any CPU
		{879E108F-B348-4B71-875C-B81067CA8CB3}.Release|Any CPU.Build.0 = Release|Any CPU
		{CE9A5FEB-74E2-4CC2-B1D0-692BEDAA6C99}.Debug|Any CPU.ActiveCfg = Debug|Any CPU
		{CE9A5FEB-74E2-4CC2-B1D0-692BEDAA6C99}.Debug|Any CPU.Build.0 = Debug|Any CPU
		{CE9A5FEB-74E2-4CC2-B1D0-692BEDAA6C99}.Release|Any CPU.ActiveCfg = Release|Any CPU
		{CE9A5FEB-74E2-4CC2-B1D0-692BEDAA6C99}.Release|Any CPU.Build.0 = Release|Any CPU
		{5F3D9F47-8548-4E9A-B477-63788EB3B21F}.Debug|Any CPU.ActiveCfg = Debug|Any CPU
		{5F3D9F47-8548-4E9A-B477-63788EB3B21F}.Debug|Any CPU.Build.0 = Debug|Any CPU
		{5F3D9F47-8548-4E9A-B477-63788EB3B21F}.Release|Any CPU.ActiveCfg = Release|Any CPU
		{5F3D9F47-8548-4E9A-B477-63788EB3B21F}.Release|Any CPU.Build.0 = Release|Any CPU
	EndGlobalSection
	GlobalSection(SolutionProperties) = preSolution
		HideSolutionNode = FALSE
	EndGlobalSection
	GlobalSection(NestedProjects) = preSolution
		{AC02D438-A437-4256-9129-C8DEA6802CD7} = {9BA41159-6638-49C2-A454-E9D123AEFAC8}
		{811973D7-CABE-4560-A00F-FCAD49A3F0EB} = {62F3CA83-89B9-40A5-ABDD-8A1C3936635B}
		{0EEAB4E7-9053-40F8-89A3-458813C0B086} = {811973D7-CABE-4560-A00F-FCAD49A3F0EB}
		{FEAC3CCE-1900-4F24-8823-94778DDA781F} = {6D164D28-7783-4621-A762-F70F500AF45F}
		{879E108F-B348-4B71-875C-B81067CA8CB3} = {47BEE26E-4479-4961-BDEF-25E621E19D23}
		{DD88E989-04FC-4604-972B-74BFBDE99937} = {62F3CA83-89B9-40A5-ABDD-8A1C3936635B}
		{CE9A5FEB-74E2-4CC2-B1D0-692BEDAA6C99} = {DD88E989-04FC-4604-972B-74BFBDE99937}
		{5F3D9F47-8548-4E9A-B477-63788EB3B21F} = {44C22102-EE10-47BD-81B4-CC778869EB93}
	EndGlobalSection
	GlobalSection(ExtensibilityGlobals) = postSolution
		SolutionGuid = {0F2EB92C-3595-4AF3-A3F4-865D718EB0D0}
	EndGlobalSection
EndGlobal
